// !$*UTF8*$!
{
	archiveVersion = 1;
	classes = {
	};
	objectVersion = 50;
	objects = {

/* Begin PBXBuildFile section */
		5B5FA5E83C365FD79AD04F2B /* Pods_VkontakteTestApplication.framework in Frameworks */ = {isa = PBXBuildFile; fileRef = 859BD3053713397C2DCC7C23 /* Pods_VkontakteTestApplication.framework */; };
		C3341D2020B95ED700D3ACA3 /* AppDelegate.swift in Sources */ = {isa = PBXBuildFile; fileRef = C3341D1F20B95ED700D3ACA3 /* AppDelegate.swift */; };
		C3341D2220B95ED700D3ACA3 /* ViewController.swift in Sources */ = {isa = PBXBuildFile; fileRef = C3341D2120B95ED700D3ACA3 /* ViewController.swift */; };
		C3341D2520B95ED800D3ACA3 /* Main.storyboard in Resources */ = {isa = PBXBuildFile; fileRef = C3341D2320B95ED800D3ACA3 /* Main.storyboard */; };
		C3341D2720B95EE100D3ACA3 /* Assets.xcassets in Resources */ = {isa = PBXBuildFile; fileRef = C3341D2620B95EE100D3ACA3 /* Assets.xcassets */; };
		C3341D2A20B95EE100D3ACA3 /* LaunchScreen.storyboard in Resources */ = {isa = PBXBuildFile; fileRef = C3341D2820B95EE100D3ACA3 /* LaunchScreen.storyboard */; };
		C3341D3820B9661000D3ACA3 /* LoginViewController.swift in Sources */ = {isa = PBXBuildFile; fileRef = C3341D3720B9661000D3ACA3 /* LoginViewController.swift */; };
		C3341D3A20B9661B00D3ACA3 /* LoginPresenter.swift in Sources */ = {isa = PBXBuildFile; fileRef = C3341D3920B9661B00D3ACA3 /* LoginPresenter.swift */; };
		C3341D3C20B9662400D3ACA3 /* LoginViewOutput.swift in Sources */ = {isa = PBXBuildFile; fileRef = C3341D3B20B9662400D3ACA3 /* LoginViewOutput.swift */; };
		C3341D3E20B9662E00D3ACA3 /* LoginViewInput.swift in Sources */ = {isa = PBXBuildFile; fileRef = C3341D3D20B9662E00D3ACA3 /* LoginViewInput.swift */; };
		C3341D4120B96BC500D3ACA3 /* AuthorizationServiceProtocol.swift in Sources */ = {isa = PBXBuildFile; fileRef = C3341D4020B96BC500D3ACA3 /* AuthorizationServiceProtocol.swift */; };
		C3341D4320B96C4400D3ACA3 /* AuthorizationService.swift in Sources */ = {isa = PBXBuildFile; fileRef = C3341D4220B96C4400D3ACA3 /* AuthorizationService.swift */; };
		C3341D4620B97B9100D3ACA3 /* LoginInteractor.swift in Sources */ = {isa = PBXBuildFile; fileRef = C3341D4520B97B9100D3ACA3 /* LoginInteractor.swift */; };
		C3341D4920B97D2900D3ACA3 /* LoginInteractorInput.swift in Sources */ = {isa = PBXBuildFile; fileRef = C3341D4820B97D2900D3ACA3 /* LoginInteractorInput.swift */; };
		C3341D4C20B97D5C00D3ACA3 /* LoginRouterInput.swift in Sources */ = {isa = PBXBuildFile; fileRef = C3341D4B20B97D5C00D3ACA3 /* LoginRouterInput.swift */; };
		C3341D4E20B97D6500D3ACA3 /* LoginRouter.swift in Sources */ = {isa = PBXBuildFile; fileRef = C3341D4D20B97D6500D3ACA3 /* LoginRouter.swift */; };
		C3341D5620B98FB500D3ACA3 /* UIViewController+TransitionHandler.swift in Sources */ = {isa = PBXBuildFile; fileRef = C3341D5520B98FB500D3ACA3 /* UIViewController+TransitionHandler.swift */; };
		C3341D5920B98FE700D3ACA3 /* TransitionHandler.swift in Sources */ = {isa = PBXBuildFile; fileRef = C3341D5820B98FE700D3ACA3 /* TransitionHandler.swift */; };
		C3341D5B20B990C800D3ACA3 /* ModuleInput.swift in Sources */ = {isa = PBXBuildFile; fileRef = C3341D5A20B990C800D3ACA3 /* ModuleInput.swift */; };
		C3341D5D20B9918400D3ACA3 /* ModuleOutput.swift in Sources */ = {isa = PBXBuildFile; fileRef = C3341D5C20B9918400D3ACA3 /* ModuleOutput.swift */; };
		C3341D5F20B991D000D3ACA3 /* ViewOutputProvider.swift in Sources */ = {isa = PBXBuildFile; fileRef = C3341D5E20B991D000D3ACA3 /* ViewOutputProvider.swift */; };
		C3341D6120B9935400D3ACA3 /* Module.swift in Sources */ = {isa = PBXBuildFile; fileRef = C3341D6020B9935400D3ACA3 /* Module.swift */; };
		C3341D6520B9944C00D3ACA3 /* TransitionPromise.swift in Sources */ = {isa = PBXBuildFile; fileRef = C3341D6420B9944C00D3ACA3 /* TransitionPromise.swift */; };
		C3341D6720B996DF00D3ACA3 /* TransitionStyle.swift in Sources */ = {isa = PBXBuildFile; fileRef = C3341D6620B996DF00D3ACA3 /* TransitionStyle.swift */; };
		C3341D6920B9975C00D3ACA3 /* TransitionNavigationStyle.swift in Sources */ = {isa = PBXBuildFile; fileRef = C3341D6820B9975C00D3ACA3 /* TransitionNavigationStyle.swift */; };
		C3341D6C20B9AE7C00D3ACA3 /* DispatchQueue+Once.swift in Sources */ = {isa = PBXBuildFile; fileRef = C3341D6B20B9AE7C00D3ACA3 /* DispatchQueue+Once.swift */; };
		C3341D6F20B9EEC600D3ACA3 /* LoginConfigurator.swift in Sources */ = {isa = PBXBuildFile; fileRef = C3341D6E20B9EEC600D3ACA3 /* LoginConfigurator.swift */; };
		C3341D7220B9F68D00D3ACA3 /* LoginInteractorOutput.swift in Sources */ = {isa = PBXBuildFile; fileRef = C3341D7120B9F68D00D3ACA3 /* LoginInteractorOutput.swift */; };
		C3341D7520B9FD5800D3ACA3 /* LoginModuleInitializer.swift in Sources */ = {isa = PBXBuildFile; fileRef = C3341D7420B9FD5800D3ACA3 /* LoginModuleInitializer.swift */; };
		C3341D7720BA02A700D3ACA3 /* Login.storyboard in Resources */ = {isa = PBXBuildFile; fileRef = C3341D7620BA02A700D3ACA3 /* Login.storyboard */; };
		C34B715E20BC7AC0001D6D8D /* VkSdkClientProtocol.swift in Sources */ = {isa = PBXBuildFile; fileRef = C34B715D20BC7AC0001D6D8D /* VkSdkClientProtocol.swift */; };
		C34B716020BC7AD6001D6D8D /* VkSdkClient.swift in Sources */ = {isa = PBXBuildFile; fileRef = C34B715F20BC7AD6001D6D8D /* VkSdkClient.swift */; };
		C34B716520BC9BD9001D6D8D /* FriendsViewController.swift in Sources */ = {isa = PBXBuildFile; fileRef = C34B716420BC9BD9001D6D8D /* FriendsViewController.swift */; };
		C34B716720BC9C2D001D6D8D /* FriendsViewOutput.swift in Sources */ = {isa = PBXBuildFile; fileRef = C34B716620BC9C2D001D6D8D /* FriendsViewOutput.swift */; };
		C34B716920BC9C5E001D6D8D /* FriendsViewInput.swift in Sources */ = {isa = PBXBuildFile; fileRef = C34B716820BC9C5E001D6D8D /* FriendsViewInput.swift */; };
		C34B716C20BC9C92001D6D8D /* FriendsPresenter.swift in Sources */ = {isa = PBXBuildFile; fileRef = C34B716B20BC9C92001D6D8D /* FriendsPresenter.swift */; };
		C34B716F20BC9CCE001D6D8D /* FriendsInteractor.swift in Sources */ = {isa = PBXBuildFile; fileRef = C34B716E20BC9CCE001D6D8D /* FriendsInteractor.swift */; };
		C34B717120BC9D19001D6D8D /* FriendsInteractorInput.swift in Sources */ = {isa = PBXBuildFile; fileRef = C34B717020BC9D19001D6D8D /* FriendsInteractorInput.swift */; };
		C34B717320BC9D9A001D6D8D /* FriendsInteractorOutput.swift in Sources */ = {isa = PBXBuildFile; fileRef = C34B717220BC9D9A001D6D8D /* FriendsInteractorOutput.swift */; };
		C34B717620BC9DDF001D6D8D /* FriendsRouter.swift in Sources */ = {isa = PBXBuildFile; fileRef = C34B717520BC9DDF001D6D8D /* FriendsRouter.swift */; };
		C34B717820BC9DE8001D6D8D /* FriendsRouterInput.swift in Sources */ = {isa = PBXBuildFile; fileRef = C34B717720BC9DE8001D6D8D /* FriendsRouterInput.swift */; };
		C34B717C20BC9E6A001D6D8D /* FriendsModuleInitializer.swift in Sources */ = {isa = PBXBuildFile; fileRef = C34B717B20BC9E6A001D6D8D /* FriendsModuleInitializer.swift */; };
		C34B717E20BC9E76001D6D8D /* FriendsModuleConfigurator.swift in Sources */ = {isa = PBXBuildFile; fileRef = C34B717D20BC9E76001D6D8D /* FriendsModuleConfigurator.swift */; };
		C34B718220BDE021001D6D8D /* Friends.storyboard in Resources */ = {isa = PBXBuildFile; fileRef = C34B718120BDE021001D6D8D /* Friends.storyboard */; };
		C34B718420BDFAC1001D6D8D /* FriendsModuleOutput.swift in Sources */ = {isa = PBXBuildFile; fileRef = C34B718320BDFAC1001D6D8D /* FriendsModuleOutput.swift */; };
		C34B718720BF312D001D6D8D /* Friend.swift in Sources */ = {isa = PBXBuildFile; fileRef = C34B718620BF312C001D6D8D /* Friend.swift */; };
		C34B718920BF3382001D6D8D /* UIImageView+DownloadImage.swift in Sources */ = {isa = PBXBuildFile; fileRef = C34B718820BF3382001D6D8D /* UIImageView+DownloadImage.swift */; };
		C34B718C20BF522C001D6D8D /* FriendTableViewCell.swift in Sources */ = {isa = PBXBuildFile; fileRef = C34B718B20BF522C001D6D8D /* FriendTableViewCell.swift */; };
		C34B718E20C0128E001D6D8D /* FriendTableViewCell.xib in Resources */ = {isa = PBXBuildFile; fileRef = C34B718D20C0128E001D6D8D /* FriendTableViewCell.xib */; };
		C34B719620C5D9D4001D6D8D /* PhotosViewController.swift in Sources */ = {isa = PBXBuildFile; fileRef = C34B719520C5D9D4001D6D8D /* PhotosViewController.swift */; };
		C34B719820C5D9F3001D6D8D /* PhotosViewInput.swift in Sources */ = {isa = PBXBuildFile; fileRef = C34B719720C5D9F3001D6D8D /* PhotosViewInput.swift */; };
		C34B719A20C5DA0A001D6D8D /* PhotosViewOutput.swift in Sources */ = {isa = PBXBuildFile; fileRef = C34B719920C5DA0A001D6D8D /* PhotosViewOutput.swift */; };
		C34B719C20C5DAB2001D6D8D /* PhotosPresenter.swift in Sources */ = {isa = PBXBuildFile; fileRef = C34B719B20C5DAB2001D6D8D /* PhotosPresenter.swift */; };
		C34B719E20C5DBEC001D6D8D /* PhotosInteractor.swift in Sources */ = {isa = PBXBuildFile; fileRef = C34B719D20C5DBEC001D6D8D /* PhotosInteractor.swift */; };
		C34B71A020C5DC0A001D6D8D /* PhotosInteractorInput.swift in Sources */ = {isa = PBXBuildFile; fileRef = C34B719F20C5DC0A001D6D8D /* PhotosInteractorInput.swift */; };
		C34B71A220C5DC2F001D6D8D /* PhotosInteractorOutput.swift in Sources */ = {isa = PBXBuildFile; fileRef = C34B71A120C5DC2F001D6D8D /* PhotosInteractorOutput.swift */; };
		C34B71A420C5DD19001D6D8D /* PhotosRouter.swift in Sources */ = {isa = PBXBuildFile; fileRef = C34B71A320C5DD19001D6D8D /* PhotosRouter.swift */; };
		C34B71A620C5DD30001D6D8D /* PhotosRouterInput.swift in Sources */ = {isa = PBXBuildFile; fileRef = C34B71A520C5DD30001D6D8D /* PhotosRouterInput.swift */; };
		C34B71A820C5DD79001D6D8D /* PhotosModuleInitializer.swift in Sources */ = {isa = PBXBuildFile; fileRef = C34B71A720C5DD79001D6D8D /* PhotosModuleInitializer.swift */; };
		C34B71AA20C5DD8E001D6D8D /* PhotosModuleConfigurator.swift in Sources */ = {isa = PBXBuildFile; fileRef = C34B71A920C5DD8E001D6D8D /* PhotosModuleConfigurator.swift */; };
		C34B71AC20C5DF40001D6D8D /* Photos.storyboard in Resources */ = {isa = PBXBuildFile; fileRef = C34B71AB20C5DF40001D6D8D /* Photos.storyboard */; };
		C34B71AE20C5E250001D6D8D /* FriendsServiceProtocol.swift in Sources */ = {isa = PBXBuildFile; fileRef = C34B71AD20C5E250001D6D8D /* FriendsServiceProtocol.swift */; };
		C34B71B020C5E25E001D6D8D /* FriendsService.swift in Sources */ = {isa = PBXBuildFile; fileRef = C34B71AF20C5E25E001D6D8D /* FriendsService.swift */; };
		C34B71B220C8A6FE001D6D8D /* FriendsModuleInput.swift in Sources */ = {isa = PBXBuildFile; fileRef = C34B71B120C8A6FE001D6D8D /* FriendsModuleInput.swift */; };
/* End PBXBuildFile section */

/* Begin PBXFileReference section */
		14B0A0DC154ADB46EC63CD25 /* Pods-VkontakteTestApplication.debug.xcconfig */ = {isa = PBXFileReference; includeInIndex = 1; lastKnownFileType = text.xcconfig; name = "Pods-VkontakteTestApplication.debug.xcconfig"; path = "Pods/Target Support Files/Pods-VkontakteTestApplication/Pods-VkontakteTestApplication.debug.xcconfig"; sourceTree = "<group>"; };
		859BD3053713397C2DCC7C23 /* Pods_VkontakteTestApplication.framework */ = {isa = PBXFileReference; explicitFileType = wrapper.framework; includeInIndex = 0; path = Pods_VkontakteTestApplication.framework; sourceTree = BUILT_PRODUCTS_DIR; };
		C3341D1C20B95ED700D3ACA3 /* VkontakteTestApplication.app */ = {isa = PBXFileReference; explicitFileType = wrapper.application; includeInIndex = 0; path = VkontakteTestApplication.app; sourceTree = BUILT_PRODUCTS_DIR; };
		C3341D1F20B95ED700D3ACA3 /* AppDelegate.swift */ = {isa = PBXFileReference; lastKnownFileType = sourcecode.swift; path = AppDelegate.swift; sourceTree = "<group>"; };
		C3341D2120B95ED700D3ACA3 /* ViewController.swift */ = {isa = PBXFileReference; lastKnownFileType = sourcecode.swift; path = ViewController.swift; sourceTree = "<group>"; };
		C3341D2420B95ED800D3ACA3 /* Base */ = {isa = PBXFileReference; lastKnownFileType = file.storyboard; name = Base; path = Base.lproj/Main.storyboard; sourceTree = "<group>"; };
		C3341D2620B95EE100D3ACA3 /* Assets.xcassets */ = {isa = PBXFileReference; lastKnownFileType = folder.assetcatalog; path = Assets.xcassets; sourceTree = "<group>"; };
		C3341D2920B95EE100D3ACA3 /* Base */ = {isa = PBXFileReference; lastKnownFileType = file.storyboard; name = Base; path = Base.lproj/LaunchScreen.storyboard; sourceTree = "<group>"; };
		C3341D2B20B95EE100D3ACA3 /* Info.plist */ = {isa = PBXFileReference; lastKnownFileType = text.plist.xml; path = Info.plist; sourceTree = "<group>"; };
		C3341D3720B9661000D3ACA3 /* LoginViewController.swift */ = {isa = PBXFileReference; lastKnownFileType = sourcecode.swift; path = LoginViewController.swift; sourceTree = "<group>"; };
		C3341D3920B9661B00D3ACA3 /* LoginPresenter.swift */ = {isa = PBXFileReference; lastKnownFileType = sourcecode.swift; path = LoginPresenter.swift; sourceTree = "<group>"; };
		C3341D3B20B9662400D3ACA3 /* LoginViewOutput.swift */ = {isa = PBXFileReference; lastKnownFileType = sourcecode.swift; path = LoginViewOutput.swift; sourceTree = "<group>"; };
		C3341D3D20B9662E00D3ACA3 /* LoginViewInput.swift */ = {isa = PBXFileReference; lastKnownFileType = sourcecode.swift; path = LoginViewInput.swift; sourceTree = "<group>"; };
		C3341D4020B96BC500D3ACA3 /* AuthorizationServiceProtocol.swift */ = {isa = PBXFileReference; lastKnownFileType = sourcecode.swift; path = AuthorizationServiceProtocol.swift; sourceTree = "<group>"; };
		C3341D4220B96C4400D3ACA3 /* AuthorizationService.swift */ = {isa = PBXFileReference; lastKnownFileType = sourcecode.swift; path = AuthorizationService.swift; sourceTree = "<group>"; };
		C3341D4520B97B9100D3ACA3 /* LoginInteractor.swift */ = {isa = PBXFileReference; lastKnownFileType = sourcecode.swift; path = LoginInteractor.swift; sourceTree = "<group>"; };
		C3341D4820B97D2900D3ACA3 /* LoginInteractorInput.swift */ = {isa = PBXFileReference; lastKnownFileType = sourcecode.swift; path = LoginInteractorInput.swift; sourceTree = "<group>"; };
		C3341D4B20B97D5C00D3ACA3 /* LoginRouterInput.swift */ = {isa = PBXFileReference; lastKnownFileType = sourcecode.swift; path = LoginRouterInput.swift; sourceTree = "<group>"; };
		C3341D4D20B97D6500D3ACA3 /* LoginRouter.swift */ = {isa = PBXFileReference; lastKnownFileType = sourcecode.swift; path = LoginRouter.swift; sourceTree = "<group>"; };
		C3341D5520B98FB500D3ACA3 /* UIViewController+TransitionHandler.swift */ = {isa = PBXFileReference; lastKnownFileType = sourcecode.swift; path = "UIViewController+TransitionHandler.swift"; sourceTree = "<group>"; };
		C3341D5820B98FE700D3ACA3 /* TransitionHandler.swift */ = {isa = PBXFileReference; lastKnownFileType = sourcecode.swift; path = TransitionHandler.swift; sourceTree = "<group>"; };
		C3341D5A20B990C800D3ACA3 /* ModuleInput.swift */ = {isa = PBXFileReference; lastKnownFileType = sourcecode.swift; path = ModuleInput.swift; sourceTree = "<group>"; };
		C3341D5C20B9918400D3ACA3 /* ModuleOutput.swift */ = {isa = PBXFileReference; lastKnownFileType = sourcecode.swift; path = ModuleOutput.swift; sourceTree = "<group>"; };
		C3341D5E20B991D000D3ACA3 /* ViewOutputProvider.swift */ = {isa = PBXFileReference; lastKnownFileType = sourcecode.swift; path = ViewOutputProvider.swift; sourceTree = "<group>"; };
		C3341D6020B9935400D3ACA3 /* Module.swift */ = {isa = PBXFileReference; lastKnownFileType = sourcecode.swift; path = Module.swift; sourceTree = "<group>"; };
		C3341D6420B9944C00D3ACA3 /* TransitionPromise.swift */ = {isa = PBXFileReference; lastKnownFileType = sourcecode.swift; path = TransitionPromise.swift; sourceTree = "<group>"; };
		C3341D6620B996DF00D3ACA3 /* TransitionStyle.swift */ = {isa = PBXFileReference; lastKnownFileType = sourcecode.swift; path = TransitionStyle.swift; sourceTree = "<group>"; };
		C3341D6820B9975C00D3ACA3 /* TransitionNavigationStyle.swift */ = {isa = PBXFileReference; lastKnownFileType = sourcecode.swift; path = TransitionNavigationStyle.swift; sourceTree = "<group>"; };
		C3341D6B20B9AE7C00D3ACA3 /* DispatchQueue+Once.swift */ = {isa = PBXFileReference; lastKnownFileType = sourcecode.swift; path = "DispatchQueue+Once.swift"; sourceTree = "<group>"; };
		C3341D6E20B9EEC600D3ACA3 /* LoginConfigurator.swift */ = {isa = PBXFileReference; lastKnownFileType = sourcecode.swift; path = LoginConfigurator.swift; sourceTree = "<group>"; };
		C3341D7120B9F68D00D3ACA3 /* LoginInteractorOutput.swift */ = {isa = PBXFileReference; lastKnownFileType = sourcecode.swift; path = LoginInteractorOutput.swift; sourceTree = "<group>"; };
		C3341D7420B9FD5800D3ACA3 /* LoginModuleInitializer.swift */ = {isa = PBXFileReference; lastKnownFileType = sourcecode.swift; path = LoginModuleInitializer.swift; sourceTree = "<group>"; };
		C3341D7620BA02A700D3ACA3 /* Login.storyboard */ = {isa = PBXFileReference; lastKnownFileType = file.storyboard; path = Login.storyboard; sourceTree = "<group>"; };
		C34B715D20BC7AC0001D6D8D /* VkSdkClientProtocol.swift */ = {isa = PBXFileReference; lastKnownFileType = sourcecode.swift; path = VkSdkClientProtocol.swift; sourceTree = "<group>"; };
		C34B715F20BC7AD6001D6D8D /* VkSdkClient.swift */ = {isa = PBXFileReference; lastKnownFileType = sourcecode.swift; path = VkSdkClient.swift; sourceTree = "<group>"; };
		C34B716420BC9BD9001D6D8D /* FriendsViewController.swift */ = {isa = PBXFileReference; lastKnownFileType = sourcecode.swift; path = FriendsViewController.swift; sourceTree = "<group>"; };
		C34B716620BC9C2D001D6D8D /* FriendsViewOutput.swift */ = {isa = PBXFileReference; lastKnownFileType = sourcecode.swift; path = FriendsViewOutput.swift; sourceTree = "<group>"; };
		C34B716820BC9C5E001D6D8D /* FriendsViewInput.swift */ = {isa = PBXFileReference; lastKnownFileType = sourcecode.swift; path = FriendsViewInput.swift; sourceTree = "<group>"; };
		C34B716B20BC9C92001D6D8D /* FriendsPresenter.swift */ = {isa = PBXFileReference; lastKnownFileType = sourcecode.swift; path = FriendsPresenter.swift; sourceTree = "<group>"; };
		C34B716E20BC9CCE001D6D8D /* FriendsInteractor.swift */ = {isa = PBXFileReference; lastKnownFileType = sourcecode.swift; path = FriendsInteractor.swift; sourceTree = "<group>"; };
		C34B717020BC9D19001D6D8D /* FriendsInteractorInput.swift */ = {isa = PBXFileReference; lastKnownFileType = sourcecode.swift; path = FriendsInteractorInput.swift; sourceTree = "<group>"; };
		C34B717220BC9D9A001D6D8D /* FriendsInteractorOutput.swift */ = {isa = PBXFileReference; lastKnownFileType = sourcecode.swift; path = FriendsInteractorOutput.swift; sourceTree = "<group>"; };
		C34B717520BC9DDF001D6D8D /* FriendsRouter.swift */ = {isa = PBXFileReference; lastKnownFileType = sourcecode.swift; path = FriendsRouter.swift; sourceTree = "<group>"; };
		C34B717720BC9DE8001D6D8D /* FriendsRouterInput.swift */ = {isa = PBXFileReference; lastKnownFileType = sourcecode.swift; path = FriendsRouterInput.swift; sourceTree = "<group>"; };
		C34B717B20BC9E6A001D6D8D /* FriendsModuleInitializer.swift */ = {isa = PBXFileReference; lastKnownFileType = sourcecode.swift; path = FriendsModuleInitializer.swift; sourceTree = "<group>"; };
		C34B717D20BC9E76001D6D8D /* FriendsModuleConfigurator.swift */ = {isa = PBXFileReference; lastKnownFileType = sourcecode.swift; path = FriendsModuleConfigurator.swift; sourceTree = "<group>"; };
		C34B718120BDE021001D6D8D /* Friends.storyboard */ = {isa = PBXFileReference; lastKnownFileType = file.storyboard; path = Friends.storyboard; sourceTree = "<group>"; };
		C34B718320BDFAC1001D6D8D /* FriendsModuleOutput.swift */ = {isa = PBXFileReference; lastKnownFileType = sourcecode.swift; path = FriendsModuleOutput.swift; sourceTree = "<group>"; };
		C34B718620BF312C001D6D8D /* Friend.swift */ = {isa = PBXFileReference; lastKnownFileType = sourcecode.swift; path = Friend.swift; sourceTree = "<group>"; };
		C34B718820BF3382001D6D8D /* UIImageView+DownloadImage.swift */ = {isa = PBXFileReference; lastKnownFileType = sourcecode.swift; path = "UIImageView+DownloadImage.swift"; sourceTree = "<group>"; };
		C34B718B20BF522C001D6D8D /* FriendTableViewCell.swift */ = {isa = PBXFileReference; lastKnownFileType = sourcecode.swift; path = FriendTableViewCell.swift; sourceTree = "<group>"; };
		C34B718D20C0128E001D6D8D /* FriendTableViewCell.xib */ = {isa = PBXFileReference; lastKnownFileType = file.xib; path = FriendTableViewCell.xib; sourceTree = "<group>"; };
		C34B719520C5D9D4001D6D8D /* PhotosViewController.swift */ = {isa = PBXFileReference; lastKnownFileType = sourcecode.swift; path = PhotosViewController.swift; sourceTree = "<group>"; };
		C34B719720C5D9F3001D6D8D /* PhotosViewInput.swift */ = {isa = PBXFileReference; lastKnownFileType = sourcecode.swift; path = PhotosViewInput.swift; sourceTree = "<group>"; };
		C34B719920C5DA0A001D6D8D /* PhotosViewOutput.swift */ = {isa = PBXFileReference; lastKnownFileType = sourcecode.swift; path = PhotosViewOutput.swift; sourceTree = "<group>"; };
		C34B719B20C5DAB2001D6D8D /* PhotosPresenter.swift */ = {isa = PBXFileReference; lastKnownFileType = sourcecode.swift; path = PhotosPresenter.swift; sourceTree = "<group>"; };
		C34B719D20C5DBEC001D6D8D /* PhotosInteractor.swift */ = {isa = PBXFileReference; lastKnownFileType = sourcecode.swift; path = PhotosInteractor.swift; sourceTree = "<group>"; };
		C34B719F20C5DC0A001D6D8D /* PhotosInteractorInput.swift */ = {isa = PBXFileReference; lastKnownFileType = sourcecode.swift; path = PhotosInteractorInput.swift; sourceTree = "<group>"; };
		C34B71A120C5DC2F001D6D8D /* PhotosInteractorOutput.swift */ = {isa = PBXFileReference; lastKnownFileType = sourcecode.swift; path = PhotosInteractorOutput.swift; sourceTree = "<group>"; };
		C34B71A320C5DD19001D6D8D /* PhotosRouter.swift */ = {isa = PBXFileReference; lastKnownFileType = sourcecode.swift; path = PhotosRouter.swift; sourceTree = "<group>"; };
		C34B71A520C5DD30001D6D8D /* PhotosRouterInput.swift */ = {isa = PBXFileReference; lastKnownFileType = sourcecode.swift; path = PhotosRouterInput.swift; sourceTree = "<group>"; };
		C34B71A720C5DD79001D6D8D /* PhotosModuleInitializer.swift */ = {isa = PBXFileReference; lastKnownFileType = sourcecode.swift; path = PhotosModuleInitializer.swift; sourceTree = "<group>"; };
		C34B71A920C5DD8E001D6D8D /* PhotosModuleConfigurator.swift */ = {isa = PBXFileReference; lastKnownFileType = sourcecode.swift; path = PhotosModuleConfigurator.swift; sourceTree = "<group>"; };
		C34B71AB20C5DF40001D6D8D /* Photos.storyboard */ = {isa = PBXFileReference; lastKnownFileType = file.storyboard; path = Photos.storyboard; sourceTree = "<group>"; };
		C34B71AD20C5E250001D6D8D /* FriendsServiceProtocol.swift */ = {isa = PBXFileReference; lastKnownFileType = sourcecode.swift; path = FriendsServiceProtocol.swift; sourceTree = "<group>"; };
		C34B71AF20C5E25E001D6D8D /* FriendsService.swift */ = {isa = PBXFileReference; lastKnownFileType = sourcecode.swift; path = FriendsService.swift; sourceTree = "<group>"; };
		C34B71B120C8A6FE001D6D8D /* FriendsModuleInput.swift */ = {isa = PBXFileReference; lastKnownFileType = sourcecode.swift; path = FriendsModuleInput.swift; sourceTree = "<group>"; };
		E985580ED9347CC187B4D022 /* Pods-VkontakteTestApplication.release.xcconfig */ = {isa = PBXFileReference; includeInIndex = 1; lastKnownFileType = text.xcconfig; name = "Pods-VkontakteTestApplication.release.xcconfig"; path = "Pods/Target Support Files/Pods-VkontakteTestApplication/Pods-VkontakteTestApplication.release.xcconfig"; sourceTree = "<group>"; };
/* End PBXFileReference section */

/* Begin PBXFrameworksBuildPhase section */
		C3341D1920B95ED700D3ACA3 /* Frameworks */ = {
			isa = PBXFrameworksBuildPhase;
			buildActionMask = 2147483647;
			files = (
				5B5FA5E83C365FD79AD04F2B /* Pods_VkontakteTestApplication.framework in Frameworks */,
			);
			runOnlyForDeploymentPostprocessing = 0;
		};
/* End PBXFrameworksBuildPhase section */

/* Begin PBXGroup section */
		124EF59E96F8AB04631C0888 /* Frameworks */ = {
			isa = PBXGroup;
			children = (
				859BD3053713397C2DCC7C23 /* Pods_VkontakteTestApplication.framework */,
			);
			name = Frameworks;
			sourceTree = "<group>";
		};
		C3341D1320B95ED700D3ACA3 = {
			isa = PBXGroup;
			children = (
				C3341D1E20B95ED700D3ACA3 /* VkontakteTestApplication */,
				C3341D1D20B95ED700D3ACA3 /* Products */,
				FDC0A6EBC359C45E81A3BD18 /* Pods */,
				124EF59E96F8AB04631C0888 /* Frameworks */,
			);
			sourceTree = "<group>";
		};
		C3341D1D20B95ED700D3ACA3 /* Products */ = {
			isa = PBXGroup;
			children = (
				C3341D1C20B95ED700D3ACA3 /* VkontakteTestApplication.app */,
			);
			name = Products;
			sourceTree = "<group>";
		};
		C3341D1E20B95ED700D3ACA3 /* VkontakteTestApplication */ = {
			isa = PBXGroup;
			children = (
				C34B718520BF22A3001D6D8D /* Model */,
				C3341D6A20B9AE5E00D3ACA3 /* Common */,
				C3341D5420B98F9300D3ACA3 /* TransitionHandler */,
				C3341D3320B9606500D3ACA3 /* Core */,
				C3341D3220B9605700D3ACA3 /* Services */,
				C3341D3120B9604E00D3ACA3 /* PresentationModules */,
				C3341D1F20B95ED700D3ACA3 /* AppDelegate.swift */,
				C3341D2120B95ED700D3ACA3 /* ViewController.swift */,
				C3341D2320B95ED800D3ACA3 /* Main.storyboard */,
				C3341D2620B95EE100D3ACA3 /* Assets.xcassets */,
				C3341D2820B95EE100D3ACA3 /* LaunchScreen.storyboard */,
				C3341D2B20B95EE100D3ACA3 /* Info.plist */,
			);
			path = VkontakteTestApplication;
			sourceTree = "<group>";
		};
		C3341D3120B9604E00D3ACA3 /* PresentationModules */ = {
			isa = PBXGroup;
			children = (
				C3341D3420B9617500D3ACA3 /* Login */,
				C3341D3520B9617E00D3ACA3 /* Friends */,
				C3341D3620B961A400D3ACA3 /* Photos */,
			);
			path = PresentationModules;
			sourceTree = "<group>";
		};
		C3341D3220B9605700D3ACA3 /* Services */ = {
			isa = PBXGroup;
			children = (
				C3341D4020B96BC500D3ACA3 /* AuthorizationServiceProtocol.swift */,
				C3341D4220B96C4400D3ACA3 /* AuthorizationService.swift */,
				C34B71AD20C5E250001D6D8D /* FriendsServiceProtocol.swift */,
				C34B71AF20C5E25E001D6D8D /* FriendsService.swift */,
			);
			path = Services;
			sourceTree = "<group>";
		};
		C3341D3320B9606500D3ACA3 /* Core */ = {
			isa = PBXGroup;
			children = (
				C34B715D20BC7AC0001D6D8D /* VkSdkClientProtocol.swift */,
				C34B715F20BC7AD6001D6D8D /* VkSdkClient.swift */,
			);
			path = Core;
			sourceTree = "<group>";
		};
		C3341D3420B9617500D3ACA3 /* Login */ = {
			isa = PBXGroup;
			children = (
				C3341D3F20B9664000D3ACA3 /* View */,
				C3341D4420B97A7500D3ACA3 /* Presenter */,
				C3341D4720B97CCE00D3ACA3 /* Interactor */,
				C3341D4A20B97D4300D3ACA3 /* Router */,
				C3341D7020B9F47000D3ACA3 /* ModuleInitializer */,
				C3341D7320B9FCBF00D3ACA3 /* ModuleConfigurator */,
				C3341D7620BA02A700D3ACA3 /* Login.storyboard */,
			);
			path = Login;
			sourceTree = "<group>";
		};
		C3341D3520B9617E00D3ACA3 /* Friends */ = {
			isa = PBXGroup;
			children = (
				C34B716320BC9BAA001D6D8D /* View */,
				C34B716A20BC9C74001D6D8D /* Presenter */,
				C34B716D20BC9C9C001D6D8D /* Interactor */,
				C34B717420BC9DB1001D6D8D /* Router */,
				C34B717920BC9E28001D6D8D /* ModuleInitializer */,
				C34B717A20BC9E37001D6D8D /* ModuleConfigurator */,
				C34B718120BDE021001D6D8D /* Friends.storyboard */,
			);
			path = Friends;
			sourceTree = "<group>";
		};
		C3341D3620B961A400D3ACA3 /* Photos */ = {
			isa = PBXGroup;
			children = (
				C34B718F20C5D83A001D6D8D /* View */,
				C34B719020C5D847001D6D8D /* Presenter */,
				C34B719120C5D850001D6D8D /* Interactor */,
				C34B719220C5D858001D6D8D /* Router */,
				C34B719320C5D8B1001D6D8D /* ModuleInitializer */,
				C34B719420C5D927001D6D8D /* ModuleConfigurator */,
				C34B71AB20C5DF40001D6D8D /* Photos.storyboard */,
			);
			path = Photos;
			sourceTree = "<group>";
		};
		C3341D3F20B9664000D3ACA3 /* View */ = {
			isa = PBXGroup;
			children = (
				C3341D3720B9661000D3ACA3 /* LoginViewController.swift */,
				C3341D3B20B9662400D3ACA3 /* LoginViewOutput.swift */,
				C3341D3D20B9662E00D3ACA3 /* LoginViewInput.swift */,
			);
			path = View;
			sourceTree = "<group>";
		};
		C3341D4420B97A7500D3ACA3 /* Presenter */ = {
			isa = PBXGroup;
			children = (
				C3341D3920B9661B00D3ACA3 /* LoginPresenter.swift */,
			);
			path = Presenter;
			sourceTree = "<group>";
		};
		C3341D4720B97CCE00D3ACA3 /* Interactor */ = {
			isa = PBXGroup;
			children = (
				C3341D4520B97B9100D3ACA3 /* LoginInteractor.swift */,
				C3341D4820B97D2900D3ACA3 /* LoginInteractorInput.swift */,
				C3341D7120B9F68D00D3ACA3 /* LoginInteractorOutput.swift */,
			);
			path = Interactor;
			sourceTree = "<group>";
		};
		C3341D4A20B97D4300D3ACA3 /* Router */ = {
			isa = PBXGroup;
			children = (
				C3341D4B20B97D5C00D3ACA3 /* LoginRouterInput.swift */,
				C3341D4D20B97D6500D3ACA3 /* LoginRouter.swift */,
			);
			path = Router;
			sourceTree = "<group>";
		};
		C3341D5420B98F9300D3ACA3 /* TransitionHandler */ = {
			isa = PBXGroup;
			children = (
				C3341D5520B98FB500D3ACA3 /* UIViewController+TransitionHandler.swift */,
				C3341D6220B9942D00D3ACA3 /* Helpers */,
				C3341D5720B98FD900D3ACA3 /* Protocols */,
			);
			path = TransitionHandler;
			sourceTree = "<group>";
		};
		C3341D5720B98FD900D3ACA3 /* Protocols */ = {
			isa = PBXGroup;
			children = (
				C3341D5820B98FE700D3ACA3 /* TransitionHandler.swift */,
				C3341D5A20B990C800D3ACA3 /* ModuleInput.swift */,
				C3341D5C20B9918400D3ACA3 /* ModuleOutput.swift */,
				C3341D5E20B991D000D3ACA3 /* ViewOutputProvider.swift */,
				C3341D6020B9935400D3ACA3 /* Module.swift */,
			);
			path = Protocols;
			sourceTree = "<group>";
		};
		C3341D6220B9942D00D3ACA3 /* Helpers */ = {
			isa = PBXGroup;
			children = (
				C3341D6320B9943600D3ACA3 /* Promises */,
			);
			path = Helpers;
			sourceTree = "<group>";
		};
		C3341D6320B9943600D3ACA3 /* Promises */ = {
			isa = PBXGroup;
			children = (
				C3341D6420B9944C00D3ACA3 /* TransitionPromise.swift */,
				C3341D6620B996DF00D3ACA3 /* TransitionStyle.swift */,
				C3341D6820B9975C00D3ACA3 /* TransitionNavigationStyle.swift */,
			);
			path = Promises;
			sourceTree = "<group>";
		};
		C3341D6A20B9AE5E00D3ACA3 /* Common */ = {
			isa = PBXGroup;
			children = (
				C3341D6D20B9AE8A00D3ACA3 /* Extensions */,
			);
			path = Common;
			sourceTree = "<group>";
		};
		C3341D6D20B9AE8A00D3ACA3 /* Extensions */ = {
			isa = PBXGroup;
			children = (
				C3341D6B20B9AE7C00D3ACA3 /* DispatchQueue+Once.swift */,
				C34B718820BF3382001D6D8D /* UIImageView+DownloadImage.swift */,
			);
			path = Extensions;
			sourceTree = "<group>";
		};
		C3341D7020B9F47000D3ACA3 /* ModuleInitializer */ = {
			isa = PBXGroup;
			children = (
				C3341D7420B9FD5800D3ACA3 /* LoginModuleInitializer.swift */,
			);
			path = ModuleInitializer;
			sourceTree = "<group>";
		};
		C3341D7320B9FCBF00D3ACA3 /* ModuleConfigurator */ = {
			isa = PBXGroup;
			children = (
				C3341D6E20B9EEC600D3ACA3 /* LoginConfigurator.swift */,
			);
			path = ModuleConfigurator;
			sourceTree = "<group>";
		};
		C34B716320BC9BAA001D6D8D /* View */ = {
			isa = PBXGroup;
			children = (
				C34B718A20BF5212001D6D8D /* TableView */,
				C34B716420BC9BD9001D6D8D /* FriendsViewController.swift */,
				C34B716620BC9C2D001D6D8D /* FriendsViewOutput.swift */,
				C34B716820BC9C5E001D6D8D /* FriendsViewInput.swift */,
			);
			path = View;
			sourceTree = "<group>";
		};
		C34B716A20BC9C74001D6D8D /* Presenter */ = {
			isa = PBXGroup;
			children = (
				C34B716B20BC9C92001D6D8D /* FriendsPresenter.swift */,
				C34B718320BDFAC1001D6D8D /* FriendsModuleOutput.swift */,
				C34B71B120C8A6FE001D6D8D /* FriendsModuleInput.swift */,
			);
			path = Presenter;
			sourceTree = "<group>";
		};
		C34B716D20BC9C9C001D6D8D /* Interactor */ = {
			isa = PBXGroup;
			children = (
				C34B716E20BC9CCE001D6D8D /* FriendsInteractor.swift */,
				C34B717020BC9D19001D6D8D /* FriendsInteractorInput.swift */,
				C34B717220BC9D9A001D6D8D /* FriendsInteractorOutput.swift */,
			);
			path = Interactor;
			sourceTree = "<group>";
		};
		C34B717420BC9DB1001D6D8D /* Router */ = {
			isa = PBXGroup;
			children = (
				C34B717520BC9DDF001D6D8D /* FriendsRouter.swift */,
				C34B717720BC9DE8001D6D8D /* FriendsRouterInput.swift */,
			);
			path = Router;
			sourceTree = "<group>";
		};
		C34B717920BC9E28001D6D8D /* ModuleInitializer */ = {
			isa = PBXGroup;
			children = (
				C34B717B20BC9E6A001D6D8D /* FriendsModuleInitializer.swift */,
			);
			path = ModuleInitializer;
			sourceTree = "<group>";
		};
		C34B717A20BC9E37001D6D8D /* ModuleConfigurator */ = {
			isa = PBXGroup;
			children = (
				C34B717D20BC9E76001D6D8D /* FriendsModuleConfigurator.swift */,
			);
			path = ModuleConfigurator;
			sourceTree = "<group>";
		};
		C34B718520BF22A3001D6D8D /* Model */ = {
			isa = PBXGroup;
			children = (
				C34B718620BF312C001D6D8D /* Friend.swift */,
			);
			path = Model;
			sourceTree = "<group>";
		};
		C34B718A20BF5212001D6D8D /* TableView */ = {
			isa = PBXGroup;
			children = (
				C34B718B20BF522C001D6D8D /* FriendTableViewCell.swift */,
				C34B718D20C0128E001D6D8D /* FriendTableViewCell.xib */,
			);
			path = TableView;
			sourceTree = "<group>";
		};
		C34B718F20C5D83A001D6D8D /* View */ = {
			isa = PBXGroup;
			children = (
				C34B719520C5D9D4001D6D8D /* PhotosViewController.swift */,
				C34B719720C5D9F3001D6D8D /* PhotosViewInput.swift */,
				C34B719920C5DA0A001D6D8D /* PhotosViewOutput.swift */,
			);
			path = View;
			sourceTree = "<group>";
		};
		C34B719020C5D847001D6D8D /* Presenter */ = {
			isa = PBXGroup;
			children = (
				C34B719B20C5DAB2001D6D8D /* PhotosPresenter.swift */,
			);
			path = Presenter;
			sourceTree = "<group>";
		};
		C34B719120C5D850001D6D8D /* Interactor */ = {
			isa = PBXGroup;
			children = (
				C34B719D20C5DBEC001D6D8D /* PhotosInteractor.swift */,
				C34B719F20C5DC0A001D6D8D /* PhotosInteractorInput.swift */,
				C34B71A120C5DC2F001D6D8D /* PhotosInteractorOutput.swift */,
			);
			path = Interactor;
			sourceTree = "<group>";
		};
		C34B719220C5D858001D6D8D /* Router */ = {
			isa = PBXGroup;
			children = (
				C34B71A320C5DD19001D6D8D /* PhotosRouter.swift */,
				C34B71A520C5DD30001D6D8D /* PhotosRouterInput.swift */,
			);
			path = Router;
			sourceTree = "<group>";
		};
		C34B719320C5D8B1001D6D8D /* ModuleInitializer */ = {
			isa = PBXGroup;
			children = (
				C34B71A720C5DD79001D6D8D /* PhotosModuleInitializer.swift */,
			);
			path = ModuleInitializer;
			sourceTree = "<group>";
		};
		C34B719420C5D927001D6D8D /* ModuleConfigurator */ = {
			isa = PBXGroup;
			children = (
				C34B71A920C5DD8E001D6D8D /* PhotosModuleConfigurator.swift */,
			);
			path = ModuleConfigurator;
			sourceTree = "<group>";
		};
		FDC0A6EBC359C45E81A3BD18 /* Pods */ = {
			isa = PBXGroup;
			children = (
				14B0A0DC154ADB46EC63CD25 /* Pods-VkontakteTestApplication.debug.xcconfig */,
				E985580ED9347CC187B4D022 /* Pods-VkontakteTestApplication.release.xcconfig */,
			);
			name = Pods;
			sourceTree = "<group>";
		};
/* End PBXGroup section */

/* Begin PBXNativeTarget section */
		C3341D1B20B95ED700D3ACA3 /* VkontakteTestApplication */ = {
			isa = PBXNativeTarget;
			buildConfigurationList = C3341D2E20B95EE200D3ACA3 /* Build configuration list for PBXNativeTarget "VkontakteTestApplication" */;
			buildPhases = (
				DBFCDC5D7FA5E00DA2B38C4A /* [CP] Check Pods Manifest.lock */,
				C3341D1820B95ED700D3ACA3 /* Sources */,
				C3341D1920B95ED700D3ACA3 /* Frameworks */,
				C3341D1A20B95ED700D3ACA3 /* Resources */,
				07C48152F3FF740D2A0ED261 /* [CP] Embed Pods Frameworks */,
			);
			buildRules = (
			);
			dependencies = (
			);
			name = VkontakteTestApplication;
			productName = VkontakteTestApplication;
			productReference = C3341D1C20B95ED700D3ACA3 /* VkontakteTestApplication.app */;
			productType = "com.apple.product-type.application";
		};
/* End PBXNativeTarget section */

/* Begin PBXProject section */
		C3341D1420B95ED700D3ACA3 /* Project object */ = {
			isa = PBXProject;
			attributes = {
				LastSwiftUpdateCheck = 0930;
				LastUpgradeCheck = 0930;
				ORGANIZATIONNAME = "Nikita Lezya";
				TargetAttributes = {
					C3341D1B20B95ED700D3ACA3 = {
						CreatedOnToolsVersion = 9.3;
					};
				};
			};
			buildConfigurationList = C3341D1720B95ED700D3ACA3 /* Build configuration list for PBXProject "VkontakteTestApplication" */;
			compatibilityVersion = "Xcode 9.3";
			developmentRegion = en;
			hasScannedForEncodings = 0;
			knownRegions = (
				en,
				Base,
			);
			mainGroup = C3341D1320B95ED700D3ACA3;
			productRefGroup = C3341D1D20B95ED700D3ACA3 /* Products */;
			projectDirPath = "";
			projectRoot = "";
			targets = (
				C3341D1B20B95ED700D3ACA3 /* VkontakteTestApplication */,
			);
		};
/* End PBXProject section */

/* Begin PBXResourcesBuildPhase section */
		C3341D1A20B95ED700D3ACA3 /* Resources */ = {
			isa = PBXResourcesBuildPhase;
			buildActionMask = 2147483647;
			files = (
				C34B71AC20C5DF40001D6D8D /* Photos.storyboard in Resources */,
				C3341D7720BA02A700D3ACA3 /* Login.storyboard in Resources */,
				C34B718E20C0128E001D6D8D /* FriendTableViewCell.xib in Resources */,
				C34B718220BDE021001D6D8D /* Friends.storyboard in Resources */,
				C3341D2A20B95EE100D3ACA3 /* LaunchScreen.storyboard in Resources */,
				C3341D2720B95EE100D3ACA3 /* Assets.xcassets in Resources */,
				C3341D2520B95ED800D3ACA3 /* Main.storyboard in Resources */,
			);
			runOnlyForDeploymentPostprocessing = 0;
		};
/* End PBXResourcesBuildPhase section */

/* Begin PBXShellScriptBuildPhase section */
		07C48152F3FF740D2A0ED261 /* [CP] Embed Pods Frameworks */ = {
			isa = PBXShellScriptBuildPhase;
			buildActionMask = 2147483647;
			files = (
			);
			inputPaths = (
				"${SRCROOT}/Pods/Target Support Files/Pods-VkontakteTestApplication/Pods-VkontakteTestApplication-frameworks.sh",
				"${BUILT_PRODUCTS_DIR}/VK-ios-sdk/VK_ios_sdk.framework",
			);
			name = "[CP] Embed Pods Frameworks";
			outputPaths = (
				"${TARGET_BUILD_DIR}/${FRAMEWORKS_FOLDER_PATH}/VK_ios_sdk.framework",
			);
			runOnlyForDeploymentPostprocessing = 0;
			shellPath = /bin/sh;
			shellScript = "\"${SRCROOT}/Pods/Target Support Files/Pods-VkontakteTestApplication/Pods-VkontakteTestApplication-frameworks.sh\"\n";
			showEnvVarsInLog = 0;
		};
		DBFCDC5D7FA5E00DA2B38C4A /* [CP] Check Pods Manifest.lock */ = {
			isa = PBXShellScriptBuildPhase;
			buildActionMask = 2147483647;
			files = (
			);
			inputPaths = (
				"${PODS_PODFILE_DIR_PATH}/Podfile.lock",
				"${PODS_ROOT}/Manifest.lock",
			);
			name = "[CP] Check Pods Manifest.lock";
			outputPaths = (
				"$(DERIVED_FILE_DIR)/Pods-VkontakteTestApplication-checkManifestLockResult.txt",
			);
			runOnlyForDeploymentPostprocessing = 0;
			shellPath = /bin/sh;
			shellScript = "diff \"${PODS_PODFILE_DIR_PATH}/Podfile.lock\" \"${PODS_ROOT}/Manifest.lock\" > /dev/null\nif [ $? != 0 ] ; then\n    # print error to STDERR\n    echo \"error: The sandbox is not in sync with the Podfile.lock. Run 'pod install' or update your CocoaPods installation.\" >&2\n    exit 1\nfi\n# This output is used by Xcode 'outputs' to avoid re-running this script phase.\necho \"SUCCESS\" > \"${SCRIPT_OUTPUT_FILE_0}\"\n";
			showEnvVarsInLog = 0;
		};
/* End PBXShellScriptBuildPhase section */

/* Begin PBXSourcesBuildPhase section */
		C3341D1820B95ED700D3ACA3 /* Sources */ = {
			isa = PBXSourcesBuildPhase;
			buildActionMask = 2147483647;
			files = (
				C34B717120BC9D19001D6D8D /* FriendsInteractorInput.swift in Sources */,
				C34B716720BC9C2D001D6D8D /* FriendsViewOutput.swift in Sources */,
				C34B718420BDFAC1001D6D8D /* FriendsModuleOutput.swift in Sources */,
				C3341D3C20B9662400D3ACA3 /* LoginViewOutput.swift in Sources */,
				C3341D3E20B9662E00D3ACA3 /* LoginViewInput.swift in Sources */,
				C3341D5B20B990C800D3ACA3 /* ModuleInput.swift in Sources */,
				C3341D4E20B97D6500D3ACA3 /* LoginRouter.swift in Sources */,
				C34B716520BC9BD9001D6D8D /* FriendsViewController.swift in Sources */,
				C3341D6720B996DF00D3ACA3 /* TransitionStyle.swift in Sources */,
				C34B716920BC9C5E001D6D8D /* FriendsViewInput.swift in Sources */,
				C3341D6520B9944C00D3ACA3 /* TransitionPromise.swift in Sources */,
				C3341D6F20B9EEC600D3ACA3 /* LoginConfigurator.swift in Sources */,
				C34B71A220C5DC2F001D6D8D /* PhotosInteractorOutput.swift in Sources */,
				C34B719820C5D9F3001D6D8D /* PhotosViewInput.swift in Sources */,
				C3341D3820B9661000D3ACA3 /* LoginViewController.swift in Sources */,
				C3341D3A20B9661B00D3ACA3 /* LoginPresenter.swift in Sources */,
				C3341D2220B95ED700D3ACA3 /* ViewController.swift in Sources */,
				C34B716C20BC9C92001D6D8D /* FriendsPresenter.swift in Sources */,
				C34B719C20C5DAB2001D6D8D /* PhotosPresenter.swift in Sources */,
				C3341D4120B96BC500D3ACA3 /* AuthorizationServiceProtocol.swift in Sources */,
				C3341D6120B9935400D3ACA3 /* Module.swift in Sources */,
				C34B719A20C5DA0A001D6D8D /* PhotosViewOutput.swift in Sources */,
				C34B719620C5D9D4001D6D8D /* PhotosViewController.swift in Sources */,
				C3341D5920B98FE700D3ACA3 /* TransitionHandler.swift in Sources */,
				C3341D5F20B991D000D3ACA3 /* ViewOutputProvider.swift in Sources */,
				C34B71AE20C5E250001D6D8D /* FriendsServiceProtocol.swift in Sources */,
				C34B719E20C5DBEC001D6D8D /* PhotosInteractor.swift in Sources */,
				C34B715E20BC7AC0001D6D8D /* VkSdkClientProtocol.swift in Sources */,
				C34B71B220C8A6FE001D6D8D /* FriendsModuleInput.swift in Sources */,
				C3341D5D20B9918400D3ACA3 /* ModuleOutput.swift in Sources */,
				C3341D2020B95ED700D3ACA3 /* AppDelegate.swift in Sources */,
				C34B71AA20C5DD8E001D6D8D /* PhotosModuleConfigurator.swift in Sources */,
				C34B717E20BC9E76001D6D8D /* FriendsModuleConfigurator.swift in Sources */,
				C34B71B020C5E25E001D6D8D /* FriendsService.swift in Sources */,
				C3341D4920B97D2900D3ACA3 /* LoginInteractorInput.swift in Sources */,
				C34B717820BC9DE8001D6D8D /* FriendsRouterInput.swift in Sources */,
				C34B717620BC9DDF001D6D8D /* FriendsRouter.swift in Sources */,
				C34B718C20BF522C001D6D8D /* FriendTableViewCell.swift in Sources */,
				C3341D5620B98FB500D3ACA3 /* UIViewController+TransitionHandler.swift in Sources */,
				C34B718720BF312D001D6D8D /* Friend.swift in Sources */,
				C3341D4320B96C4400D3ACA3 /* AuthorizationService.swift in Sources */,
				C34B71A620C5DD30001D6D8D /* PhotosRouterInput.swift in Sources */,
				C34B71A420C5DD19001D6D8D /* PhotosRouter.swift in Sources */,
				C34B716F20BC9CCE001D6D8D /* FriendsInteractor.swift in Sources */,
				C3341D7220B9F68D00D3ACA3 /* LoginInteractorOutput.swift in Sources */,
				C34B717C20BC9E6A001D6D8D /* FriendsModuleInitializer.swift in Sources */,
				C3341D4C20B97D5C00D3ACA3 /* LoginRouterInput.swift in Sources */,
				C34B71A820C5DD79001D6D8D /* PhotosModuleInitializer.swift in Sources */,
				C3341D6920B9975C00D3ACA3 /* TransitionNavigationStyle.swift in Sources */,
				C3341D6C20B9AE7C00D3ACA3 /* DispatchQueue+Once.swift in Sources */,
				C3341D4620B97B9100D3ACA3 /* LoginInteractor.swift in Sources */,
				C3341D7520B9FD5800D3ACA3 /* LoginModuleInitializer.swift in Sources */,
				C34B718920BF3382001D6D8D /* UIImageView+DownloadImage.swift in Sources */,
				C34B716020BC7AD6001D6D8D /* VkSdkClient.swift in Sources */,
				C34B71A020C5DC0A001D6D8D /* PhotosInteractorInput.swift in Sources */,
				C34B717320BC9D9A001D6D8D /* FriendsInteractorOutput.swift in Sources */,
			);
			runOnlyForDeploymentPostprocessing = 0;
		};
/* End PBXSourcesBuildPhase section */

/* Begin PBXVariantGroup section */
		C3341D2320B95ED800D3ACA3 /* Main.storyboard */ = {
			isa = PBXVariantGroup;
			children = (
				C3341D2420B95ED800D3ACA3 /* Base */,
			);
			name = Main.storyboard;
			sourceTree = "<group>";
		};
		C3341D2820B95EE100D3ACA3 /* LaunchScreen.storyboard */ = {
			isa = PBXVariantGroup;
			children = (
				C3341D2920B95EE100D3ACA3 /* Base */,
			);
			name = LaunchScreen.storyboard;
			sourceTree = "<group>";
		};
/* End PBXVariantGroup section */

/* Begin XCBuildConfiguration section */
		C3341D2C20B95EE100D3ACA3 /* Debug */ = {
			isa = XCBuildConfiguration;
			buildSettings = {
				ALWAYS_SEARCH_USER_PATHS = NO;
				CLANG_ANALYZER_NONNULL = YES;
				CLANG_ANALYZER_NUMBER_OBJECT_CONVERSION = YES_AGGRESSIVE;
				CLANG_CXX_LANGUAGE_STANDARD = "gnu++14";
				CLANG_CXX_LIBRARY = "libc++";
				CLANG_ENABLE_MODULES = YES;
				CLANG_ENABLE_OBJC_ARC = YES;
				CLANG_ENABLE_OBJC_WEAK = YES;
				CLANG_WARN_BLOCK_CAPTURE_AUTORELEASING = YES;
				CLANG_WARN_BOOL_CONVERSION = YES;
				CLANG_WARN_COMMA = YES;
				CLANG_WARN_CONSTANT_CONVERSION = YES;
				CLANG_WARN_DEPRECATED_OBJC_IMPLEMENTATIONS = YES;
				CLANG_WARN_DIRECT_OBJC_ISA_USAGE = YES_ERROR;
				CLANG_WARN_DOCUMENTATION_COMMENTS = YES;
				CLANG_WARN_EMPTY_BODY = YES;
				CLANG_WARN_ENUM_CONVERSION = YES;
				CLANG_WARN_INFINITE_RECURSION = YES;
				CLANG_WARN_INT_CONVERSION = YES;
				CLANG_WARN_NON_LITERAL_NULL_CONVERSION = YES;
				CLANG_WARN_OBJC_IMPLICIT_RETAIN_SELF = YES;
				CLANG_WARN_OBJC_LITERAL_CONVERSION = YES;
				CLANG_WARN_OBJC_ROOT_CLASS = YES_ERROR;
				CLANG_WARN_RANGE_LOOP_ANALYSIS = YES;
				CLANG_WARN_STRICT_PROTOTYPES = YES;
				CLANG_WARN_SUSPICIOUS_MOVE = YES;
				CLANG_WARN_UNGUARDED_AVAILABILITY = YES_AGGRESSIVE;
				CLANG_WARN_UNREACHABLE_CODE = YES;
				CLANG_WARN__DUPLICATE_METHOD_MATCH = YES;
				CODE_SIGN_IDENTITY = "iPhone Developer";
				COPY_PHASE_STRIP = NO;
				DEBUG_INFORMATION_FORMAT = dwarf;
				ENABLE_STRICT_OBJC_MSGSEND = YES;
				ENABLE_TESTABILITY = YES;
				GCC_C_LANGUAGE_STANDARD = gnu11;
				GCC_DYNAMIC_NO_PIC = NO;
				GCC_NO_COMMON_BLOCKS = YES;
				GCC_OPTIMIZATION_LEVEL = 0;
				GCC_PREPROCESSOR_DEFINITIONS = (
					"DEBUG=1",
					"$(inherited)",
				);
				GCC_WARN_64_TO_32_BIT_CONVERSION = YES;
				GCC_WARN_ABOUT_RETURN_TYPE = YES_ERROR;
				GCC_WARN_UNDECLARED_SELECTOR = YES;
				GCC_WARN_UNINITIALIZED_AUTOS = YES_AGGRESSIVE;
				GCC_WARN_UNUSED_FUNCTION = YES;
				GCC_WARN_UNUSED_VARIABLE = YES;
				IPHONEOS_DEPLOYMENT_TARGET = 11.3;
				MTL_ENABLE_DEBUG_INFO = YES;
				ONLY_ACTIVE_ARCH = YES;
				SDKROOT = iphoneos;
				SWIFT_ACTIVE_COMPILATION_CONDITIONS = DEBUG;
				SWIFT_OPTIMIZATION_LEVEL = "-Onone";
			};
			name = Debug;
		};
		C3341D2D20B95EE100D3ACA3 /* Release */ = {
			isa = XCBuildConfiguration;
			buildSettings = {
				ALWAYS_SEARCH_USER_PATHS = NO;
				CLANG_ANALYZER_NONNULL = YES;
				CLANG_ANALYZER_NUMBER_OBJECT_CONVERSION = YES_AGGRESSIVE;
				CLANG_CXX_LANGUAGE_STANDARD = "gnu++14";
				CLANG_CXX_LIBRARY = "libc++";
				CLANG_ENABLE_MODULES = YES;
				CLANG_ENABLE_OBJC_ARC = YES;
				CLANG_ENABLE_OBJC_WEAK = YES;
				CLANG_WARN_BLOCK_CAPTURE_AUTORELEASING = YES;
				CLANG_WARN_BOOL_CONVERSION = YES;
				CLANG_WARN_COMMA = YES;
				CLANG_WARN_CONSTANT_CONVERSION = YES;
				CLANG_WARN_DEPRECATED_OBJC_IMPLEMENTATIONS = YES;
				CLANG_WARN_DIRECT_OBJC_ISA_USAGE = YES_ERROR;
				CLANG_WARN_DOCUMENTATION_COMMENTS = YES;
				CLANG_WARN_EMPTY_BODY = YES;
				CLANG_WARN_ENUM_CONVERSION = YES;
				CLANG_WARN_INFINITE_RECURSION = YES;
				CLANG_WARN_INT_CONVERSION = YES;
				CLANG_WARN_NON_LITERAL_NULL_CONVERSION = YES;
				CLANG_WARN_OBJC_IMPLICIT_RETAIN_SELF = YES;
				CLANG_WARN_OBJC_LITERAL_CONVERSION = YES;
				CLANG_WARN_OBJC_ROOT_CLASS = YES_ERROR;
				CLANG_WARN_RANGE_LOOP_ANALYSIS = YES;
				CLANG_WARN_STRICT_PROTOTYPES = YES;
				CLANG_WARN_SUSPICIOUS_MOVE = YES;
				CLANG_WARN_UNGUARDED_AVAILABILITY = YES_AGGRESSIVE;
				CLANG_WARN_UNREACHABLE_CODE = YES;
				CLANG_WARN__DUPLICATE_METHOD_MATCH = YES;
				CODE_SIGN_IDENTITY = "iPhone Developer";
				COPY_PHASE_STRIP = NO;
				DEBUG_INFORMATION_FORMAT = "dwarf-with-dsym";
				ENABLE_NS_ASSERTIONS = NO;
				ENABLE_STRICT_OBJC_MSGSEND = YES;
				GCC_C_LANGUAGE_STANDARD = gnu11;
				GCC_NO_COMMON_BLOCKS = YES;
				GCC_WARN_64_TO_32_BIT_CONVERSION = YES;
				GCC_WARN_ABOUT_RETURN_TYPE = YES_ERROR;
				GCC_WARN_UNDECLARED_SELECTOR = YES;
				GCC_WARN_UNINITIALIZED_AUTOS = YES_AGGRESSIVE;
				GCC_WARN_UNUSED_FUNCTION = YES;
				GCC_WARN_UNUSED_VARIABLE = YES;
				IPHONEOS_DEPLOYMENT_TARGET = 11.3;
				MTL_ENABLE_DEBUG_INFO = NO;
				SDKROOT = iphoneos;
				SWIFT_COMPILATION_MODE = wholemodule;
				SWIFT_OPTIMIZATION_LEVEL = "-O";
				VALIDATE_PRODUCT = YES;
			};
			name = Release;
		};
		C3341D2F20B95EE200D3ACA3 /* Debug */ = {
			isa = XCBuildConfiguration;
			baseConfigurationReference = 14B0A0DC154ADB46EC63CD25 /* Pods-VkontakteTestApplication.debug.xcconfig */;
			buildSettings = {
				ASSETCATALOG_COMPILER_APPICON_NAME = AppIcon;
				CODE_SIGN_STYLE = Automatic;
				DEVELOPMENT_TEAM = AM78RE6F3D;
				INFOPLIST_FILE = VkontakteTestApplication/Info.plist;
				IPHONEOS_DEPLOYMENT_TARGET = 10.0;
				LD_RUNPATH_SEARCH_PATHS = (
					"$(inherited)",
					"@executable_path/Frameworks",
				);
				PRODUCT_BUNDLE_IDENTIFIER = empty.VkontakteTestApplication;
				PRODUCT_NAME = "$(TARGET_NAME)";
				SWIFT_VERSION = 4.0;
				TARGETED_DEVICE_FAMILY = 1;
			};
			name = Debug;
		};
		C3341D3020B95EE200D3ACA3 /* Release */ = {
			isa = XCBuildConfiguration;
			baseConfigurationReference = E985580ED9347CC187B4D022 /* Pods-VkontakteTestApplication.release.xcconfig */;
			buildSettings = {
				ASSETCATALOG_COMPILER_APPICON_NAME = AppIcon;
				CODE_SIGN_STYLE = Automatic;
				DEVELOPMENT_TEAM = AM78RE6F3D;
				INFOPLIST_FILE = VkontakteTestApplication/Info.plist;
				IPHONEOS_DEPLOYMENT_TARGET = 10.0;
				LD_RUNPATH_SEARCH_PATHS = (
					"$(inherited)",
					"@executable_path/Frameworks",
				);
				PRODUCT_BUNDLE_IDENTIFIER = empty.VkontakteTestApplication;
				PRODUCT_NAME = "$(TARGET_NAME)";
				SWIFT_VERSION = 4.0;
				TARGETED_DEVICE_FAMILY = 1;
			};
			name = Release;
		};
/* End XCBuildConfiguration section */

/* Begin XCConfigurationList section */
		C3341D1720B95ED700D3ACA3 /* Build configuration list for PBXProject "VkontakteTestApplication" */ = {
			isa = XCConfigurationList;
			buildConfigurations = (
				C3341D2C20B95EE100D3ACA3 /* Debug */,
				C3341D2D20B95EE100D3ACA3 /* Release */,
			);
			defaultConfigurationIsVisible = 0;
			defaultConfigurationName = Release;
		};
		C3341D2E20B95EE200D3ACA3 /* Build configuration list for PBXNativeTarget "VkontakteTestApplication" */ = {
			isa = XCConfigurationList;
			buildConfigurations = (
				C3341D2F20B95EE200D3ACA3 /* Debug */,
				C3341D3020B95EE200D3ACA3 /* Release */,
			);
			defaultConfigurationIsVisible = 0;
			defaultConfigurationName = Release;
		};
/* End XCConfigurationList section */
	};
	rootObject = C3341D1420B95ED700D3ACA3 /* Project object */;
}
